
Microsoft Visual Studio Solution File, Format Version 12.00
# Visual Studio Version 17
VisualStudioVersion = 17.7.34009.444
MinimumVisualStudioVersion = 10.0.40219.1
Project("{FAE04EC0-301F-11D3-BF4B-00C04F79EFBC}") = "OnlineClothingStore", "OnlineClothingStore.csproj", "{AEC0369D-52ED-47FB-9D3E-ADD67359434D}"
EndProject
Global
	GlobalSection(SolutionConfigurationPlatforms) = preSolution
		Debug|Any CPU = Debug|Any CPU
		Release|Any CPU = Release|Any CPU
	EndGlobalSection
	GlobalSection(ProjectConfigurationPlatforms) = postSolution
		{AEC0369D-52ED-47FB-9D3E-ADD67359434D}.Debug|Any CPU.ActiveCfg = Debug|Any CPU
		{AEC0369D-52ED-47FB-9D3E-ADD67359434D}.Debug|Any CPU.Build.0 = Debug|Any CPU
		{AEC0369D-52ED-47FB-9D3E-ADD67359434D}.Release|Any CPU.ActiveCfg = Release|Any CPU
		{AEC0369D-52ED-47FB-9D3E-ADD67359434D}.Release|Any CPU.Build.0 = Release|Any CPU
	EndGlobalSection
	GlobalSection(SolutionProperties) = preSolution
		HideSolutionNode = FALSE
	EndGlobalSection
	GlobalSection(ExtensibilityGlobals) = postSolution
		SolutionGuid = {1E849BE7-884E-4D1E-805B-F4B0586E9C2D}
	EndGlobalSection
EndGlobal
